
Microsoft Visual Studio Solution File, Format Version 12.00
# Visual Studio 15
VisualStudioVersion = 15.0.26430.13
MinimumVisualStudioVersion = 10.0.40219.1
Project("{2150E333-8FDC-42A3-9474-1A3956D46DE8}") = "AppFx", "AppFx", "{9374F46E-83EB-4051-961D-6E215BF94BD8}"
EndProject
Project("{2150E333-8FDC-42A3-9474-1A3956D46DE8}") = "Data", "Data", "{3B7124AB-FA4C-4142-A1F7-16C146923E58}"
EndProject
Project("{FAE04EC0-301F-11D3-BF4B-00C04F79EFBC}") = "FluiTec.AppFx.Data.Test", "FluiTec.AppFx.Data.Test\FluiTec.AppFx.Data.Test.csproj", "{7B05AE47-B26E-429E-811E-72F72868CE89}"
EndProject
Project("{FAE04EC0-301F-11D3-BF4B-00C04F79EFBC}") = "FluiTec.AppFx.Data", "FluiTec.AppFx.Data\FluiTec.AppFx.Data.csproj", "{33171AFE-E381-4CD8-9C82-03E3BDBC7777}"
EndProject
Project("{FAE04EC0-301F-11D3-BF4B-00C04F79EFBC}") = "FluiTec.AppFx.Data.Dapper", "FluiTec.AppFx.Data.Dapper\FluiTec.AppFx.Data.Dapper.csproj", "{24D534EE-D162-43F5-8986-50BC2282A914}"
EndProject
Project("{FAE04EC0-301F-11D3-BF4B-00C04F79EFBC}") = "FluiTec.AppFx.Data.Dapper.Test", "FluiTec.AppFx.Data.Dapper.Test\FluiTec.AppFx.Data.Dapper.Test.csproj", "{CFE0D1E8-7C25-49D6-921C-355CDC98D93E}"
EndProject
Project("{FAE04EC0-301F-11D3-BF4B-00C04F79EFBC}") = "FluiTec.AppFx.Data.Dapper.Mssql", "FluiTec.AppFx.Data.Dapper.Mssql\FluiTec.AppFx.Data.Dapper.Mssql.csproj", "{2C55EF43-76A3-4A5E-B960-C92081245F73}"
EndProject
Project("{2150E333-8FDC-42A3-9474-1A3956D46DE8}") = "Test", "Test", "{01BEA7BF-0E6E-4EF9-AC00-622AA39A8A04}"
EndProject
Project("{FAE04EC0-301F-11D3-BF4B-00C04F79EFBC}") = "FluiTec.AppFx.Data.Dapper.Mssql.Test", "FluiTec.AppFx.Data.Dapper.Mssql.Test\FluiTec.AppFx.Data.Dapper.Mssql.Test.csproj", "{4E65326D-D4E4-425A-87D6-AAE340BC9C5E}"
EndProject
Project("{2150E333-8FDC-42A3-9474-1A3956D46DE8}") = "Identitiy", "Identitiy", "{0C8E4A74-2574-45EF-833E-2DD6AE50A930}"
EndProject
Project("{FAE04EC0-301F-11D3-BF4B-00C04F79EFBC}") = "FluiTec.AppFx.Identity", "FluiTec.AppFx.Identity\FluiTec.AppFx.Identity.csproj", "{35D4939F-C582-4AA8-933D-61F5E288CDE4}"
EndProject
Project("{FAE04EC0-301F-11D3-BF4B-00C04F79EFBC}") = "FluiTec.AppFx.Identity.Dapper", "FluiTec.AppFx.Identity.Dapper\FluiTec.AppFx.Identity.Dapper.csproj", "{B0A84765-BF51-49CA-B48D-D0C9F18CA0F8}"
EndProject
Project("{2150E333-8FDC-42A3-9474-1A3956D46DE8}") = "Test", "Test", "{2DC28693-E967-44E5-8B1F-CFB37475CBB8}"
EndProject
Project("{FAE04EC0-301F-11D3-BF4B-00C04F79EFBC}") = "FluiTec.AppFx.Identity.Test", "FluiTec.AppFx.Identity.Test\FluiTec.AppFx.Identity.Test.csproj", "{EA1D5C6B-B06A-4355-84C2-6A784A86F2C8}"
EndProject
Project("{FAE04EC0-301F-11D3-BF4B-00C04F79EFBC}") = "FluiTec.AppFx.Identity.Dapper.Test", "FluiTec.AppFx.Identity.Dapper.Test\FluiTec.AppFx.Identity.Dapper.Test.csproj", "{A5EB10F3-EB25-458B-BE86-0D7229EC4E16}"
EndProject
Project("{FAE04EC0-301F-11D3-BF4B-00C04F79EFBC}") = "FluiTec.AppFx.Identity.Dapper.Mssql", "FluiTec.AppFx.Identity.Dapper.Mssql\FluiTec.AppFx.Identity.Dapper.Mssql.csproj", "{EF7CCA5D-EFE4-45D7-A3C5-772A4DF8E4E3}"
EndProject
Project("{FAE04EC0-301F-11D3-BF4B-00C04F79EFBC}") = "FluiTec.AppFx.Identity.Dapper.Mssql.Test", "FluiTec.AppFx.Identity.Dapper.Mssql.Test\FluiTec.AppFx.Identity.Dapper.Mssql.Test.csproj", "{F6DC3F39-AE67-4BBB-A882-00072D169806}"
EndProject
Project("{2150E333-8FDC-42A3-9474-1A3956D46DE8}") = "Cryptography", "Cryptography", "{0D60F813-9D9F-4315-8647-FF7A73BAEC94}"
EndProject
Project("{FAE04EC0-301F-11D3-BF4B-00C04F79EFBC}") = "FluiTec.AppFx.Cryptography", "FluiTec.AppFx.Cryptography\FluiTec.AppFx.Cryptography.csproj", "{59967238-C0D7-4897-9575-21090D431305}"
EndProject
Project("{2150E333-8FDC-42A3-9474-1A3956D46DE8}") = "Vision", "Vision", "{311CE01C-7DA8-44FB-8316-FF018B089EAF}"
EndProject
Project("{2150E333-8FDC-42A3-9474-1A3956D46DE8}") = "Server", "Server", "{981677C8-C74A-4B5A-A0B1-0C6C929A3683}"
EndProject
Project("{2150E333-8FDC-42A3-9474-1A3956D46DE8}") = "Host", "Host", "{67BFCE20-40E2-4B86-BAF8-85A7002C010D}"
EndProject
Project("{FAE04EC0-301F-11D3-BF4B-00C04F79EFBC}") = "FluiTec.Vision.Server.Host.ConsoleHost", "FluiTec.Vision.Server.Host.ConsoleHost\FluiTec.Vision.Server.Host.ConsoleHost.csproj", "{06B4E3C7-951A-49EB-A378-02B42FA27B0A}"
EndProject
Project("{FAE04EC0-301F-11D3-BF4B-00C04F79EFBC}") = "FluiTec.Vision.Server.Host.AspCoreHost", "FluiTec.Vision.Server.Host.AspCoreHost\FluiTec.Vision.Server.Host.AspCoreHost.csproj", "{9EE7FD36-4DDA-488A-B293-99F91516F0F4}"
EndProject
Project("{2150E333-8FDC-42A3-9474-1A3956D46DE8}") = "Tools", "Tools", "{247CDAED-738C-457A-8A0C-2B80EC084214}"
EndProject
Project("{9A19103F-16F7-4668-BE54-9A1E7A4F7556}") = "LineCounter", "LineCounter\LineCounter.csproj", "{50937C28-68B6-4127-9613-374DDCE3B860}"
EndProject
Project("{2150E333-8FDC-42A3-9474-1A3956D46DE8}") = "Options", "Options", "{A468E9D1-EE7C-4C21-9BDA-7716203C2997}"
EndProject
Project("{FAE04EC0-301F-11D3-BF4B-00C04F79EFBC}") = "FluiTec.AppFx.Options", "FluiTec.AppFx.Options\FluiTec.AppFx.Options.csproj", "{FD54C0C2-7881-448A-8A6D-D0ACB0663CAA}"
EndProject
Global
	GlobalSection(SolutionConfigurationPlatforms) = preSolution
		Debug|Any CPU = Debug|Any CPU
		Release|Any CPU = Release|Any CPU
	EndGlobalSection
	GlobalSection(ProjectConfigurationPlatforms) = postSolution
		{7B05AE47-B26E-429E-811E-72F72868CE89}.Debug|Any CPU.ActiveCfg = Debug|Any CPU
		{7B05AE47-B26E-429E-811E-72F72868CE89}.Debug|Any CPU.Build.0 = Debug|Any CPU
		{7B05AE47-B26E-429E-811E-72F72868CE89}.Release|Any CPU.ActiveCfg = Release|Any CPU
		{7B05AE47-B26E-429E-811E-72F72868CE89}.Release|Any CPU.Build.0 = Release|Any CPU
		{33171AFE-E381-4CD8-9C82-03E3BDBC7777}.Debug|Any CPU.ActiveCfg = Debug|Any CPU
		{33171AFE-E381-4CD8-9C82-03E3BDBC7777}.Debug|Any CPU.Build.0 = Debug|Any CPU
		{33171AFE-E381-4CD8-9C82-03E3BDBC7777}.Release|Any CPU.ActiveCfg = Release|Any CPU
		{33171AFE-E381-4CD8-9C82-03E3BDBC7777}.Release|Any CPU.Build.0 = Release|Any CPU
		{24D534EE-D162-43F5-8986-50BC2282A914}.Debug|Any CPU.ActiveCfg = Debug|Any CPU
		{24D534EE-D162-43F5-8986-50BC2282A914}.Debug|Any CPU.Build.0 = Debug|Any CPU
		{24D534EE-D162-43F5-8986-50BC2282A914}.Release|Any CPU.ActiveCfg = Release|Any CPU
		{24D534EE-D162-43F5-8986-50BC2282A914}.Release|Any CPU.Build.0 = Release|Any CPU
		{CFE0D1E8-7C25-49D6-921C-355CDC98D93E}.Debug|Any CPU.ActiveCfg = Debug|Any CPU
		{CFE0D1E8-7C25-49D6-921C-355CDC98D93E}.Debug|Any CPU.Build.0 = Debug|Any CPU
		{CFE0D1E8-7C25-49D6-921C-355CDC98D93E}.Release|Any CPU.ActiveCfg = Release|Any CPU
		{CFE0D1E8-7C25-49D6-921C-355CDC98D93E}.Release|Any CPU.Build.0 = Release|Any CPU
		{2C55EF43-76A3-4A5E-B960-C92081245F73}.Debug|Any CPU.ActiveCfg = Debug|Any CPU
		{2C55EF43-76A3-4A5E-B960-C92081245F73}.Debug|Any CPU.Build.0 = Debug|Any CPU
		{2C55EF43-76A3-4A5E-B960-C92081245F73}.Release|Any CPU.ActiveCfg = Release|Any CPU
		{2C55EF43-76A3-4A5E-B960-C92081245F73}.Release|Any CPU.Build.0 = Release|Any CPU
		{4E65326D-D4E4-425A-87D6-AAE340BC9C5E}.Debug|Any CPU.ActiveCfg = Debug|Any CPU
		{4E65326D-D4E4-425A-87D6-AAE340BC9C5E}.Debug|Any CPU.Build.0 = Debug|Any CPU
		{4E65326D-D4E4-425A-87D6-AAE340BC9C5E}.Release|Any CPU.ActiveCfg = Release|Any CPU
		{4E65326D-D4E4-425A-87D6-AAE340BC9C5E}.Release|Any CPU.Build.0 = Release|Any CPU
		{35D4939F-C582-4AA8-933D-61F5E288CDE4}.Debug|Any CPU.ActiveCfg = Debug|Any CPU
		{35D4939F-C582-4AA8-933D-61F5E288CDE4}.Debug|Any CPU.Build.0 = Debug|Any CPU
		{35D4939F-C582-4AA8-933D-61F5E288CDE4}.Release|Any CPU.ActiveCfg = Release|Any CPU
		{35D4939F-C582-4AA8-933D-61F5E288CDE4}.Release|Any CPU.Build.0 = Release|Any CPU
		{B0A84765-BF51-49CA-B48D-D0C9F18CA0F8}.Debug|Any CPU.ActiveCfg = Debug|Any CPU
		{B0A84765-BF51-49CA-B48D-D0C9F18CA0F8}.Debug|Any CPU.Build.0 = Debug|Any CPU
		{B0A84765-BF51-49CA-B48D-D0C9F18CA0F8}.Release|Any CPU.ActiveCfg = Release|Any CPU
		{B0A84765-BF51-49CA-B48D-D0C9F18CA0F8}.Release|Any CPU.Build.0 = Release|Any CPU
		{EA1D5C6B-B06A-4355-84C2-6A784A86F2C8}.Debug|Any CPU.ActiveCfg = Debug|Any CPU
		{EA1D5C6B-B06A-4355-84C2-6A784A86F2C8}.Debug|Any CPU.Build.0 = Debug|Any CPU
		{EA1D5C6B-B06A-4355-84C2-6A784A86F2C8}.Release|Any CPU.ActiveCfg = Release|Any CPU
		{EA1D5C6B-B06A-4355-84C2-6A784A86F2C8}.Release|Any CPU.Build.0 = Release|Any CPU
		{A5EB10F3-EB25-458B-BE86-0D7229EC4E16}.Debug|Any CPU.ActiveCfg = Debug|Any CPU
		{A5EB10F3-EB25-458B-BE86-0D7229EC4E16}.Debug|Any CPU.Build.0 = Debug|Any CPU
		{A5EB10F3-EB25-458B-BE86-0D7229EC4E16}.Release|Any CPU.ActiveCfg = Release|Any CPU
		{A5EB10F3-EB25-458B-BE86-0D7229EC4E16}.Release|Any CPU.Build.0 = Release|Any CPU
		{EF7CCA5D-EFE4-45D7-A3C5-772A4DF8E4E3}.Debug|Any CPU.ActiveCfg = Debug|Any CPU
		{EF7CCA5D-EFE4-45D7-A3C5-772A4DF8E4E3}.Debug|Any CPU.Build.0 = Debug|Any CPU
		{EF7CCA5D-EFE4-45D7-A3C5-772A4DF8E4E3}.Release|Any CPU.ActiveCfg = Release|Any CPU
		{EF7CCA5D-EFE4-45D7-A3C5-772A4DF8E4E3}.Release|Any CPU.Build.0 = Release|Any CPU
		{F6DC3F39-AE67-4BBB-A882-00072D169806}.Debug|Any CPU.ActiveCfg = Debug|Any CPU
		{F6DC3F39-AE67-4BBB-A882-00072D169806}.Debug|Any CPU.Build.0 = Debug|Any CPU
		{F6DC3F39-AE67-4BBB-A882-00072D169806}.Release|Any CPU.ActiveCfg = Release|Any CPU
		{F6DC3F39-AE67-4BBB-A882-00072D169806}.Release|Any CPU.Build.0 = Release|Any CPU
		{59967238-C0D7-4897-9575-21090D431305}.Debug|Any CPU.ActiveCfg = Debug|Any CPU
		{59967238-C0D7-4897-9575-21090D431305}.Debug|Any CPU.Build.0 = Debug|Any CPU
		{59967238-C0D7-4897-9575-21090D431305}.Release|Any CPU.ActiveCfg = Release|Any CPU
		{59967238-C0D7-4897-9575-21090D431305}.Release|Any CPU.Build.0 = Release|Any CPU
		{06B4E3C7-951A-49EB-A378-02B42FA27B0A}.Debug|Any CPU.ActiveCfg = Debug|Any CPU
		{06B4E3C7-951A-49EB-A378-02B42FA27B0A}.Debug|Any CPU.Build.0 = Debug|Any CPU
		{06B4E3C7-951A-49EB-A378-02B42FA27B0A}.Release|Any CPU.ActiveCfg = Release|Any CPU
		{06B4E3C7-951A-49EB-A378-02B42FA27B0A}.Release|Any CPU.Build.0 = Release|Any CPU
		{9EE7FD36-4DDA-488A-B293-99F91516F0F4}.Debug|Any CPU.ActiveCfg = Debug|Any CPU
		{9EE7FD36-4DDA-488A-B293-99F91516F0F4}.Debug|Any CPU.Build.0 = Debug|Any CPU
		{9EE7FD36-4DDA-488A-B293-99F91516F0F4}.Release|Any CPU.ActiveCfg = Release|Any CPU
		{9EE7FD36-4DDA-488A-B293-99F91516F0F4}.Release|Any CPU.Build.0 = Release|Any CPU
		{50937C28-68B6-4127-9613-374DDCE3B860}.Debug|Any CPU.ActiveCfg = Debug|Any CPU
		{50937C28-68B6-4127-9613-374DDCE3B860}.Debug|Any CPU.Build.0 = Debug|Any CPU
		{50937C28-68B6-4127-9613-374DDCE3B860}.Release|Any CPU.ActiveCfg = Release|Any CPU
		{50937C28-68B6-4127-9613-374DDCE3B860}.Release|Any CPU.Build.0 = Release|Any CPU
		{FD54C0C2-7881-448A-8A6D-D0ACB0663CAA}.Debug|Any CPU.ActiveCfg = Debug|Any CPU
		{FD54C0C2-7881-448A-8A6D-D0ACB0663CAA}.Debug|Any CPU.Build.0 = Debug|Any CPU
		{FD54C0C2-7881-448A-8A6D-D0ACB0663CAA}.Release|Any CPU.ActiveCfg = Release|Any CPU
		{FD54C0C2-7881-448A-8A6D-D0ACB0663CAA}.Release|Any CPU.Build.0 = Release|Any CPU
	EndGlobalSection
	GlobalSection(SolutionProperties) = preSolution
		HideSolutionNode = FALSE
	EndGlobalSection
	GlobalSection(NestedProjects) = preSolution
		{3B7124AB-FA4C-4142-A1F7-16C146923E58} = {9374F46E-83EB-4051-961D-6E215BF94BD8}
		{7B05AE47-B26E-429E-811E-72F72868CE89} = {01BEA7BF-0E6E-4EF9-AC00-622AA39A8A04}
		{33171AFE-E381-4CD8-9C82-03E3BDBC7777} = {3B7124AB-FA4C-4142-A1F7-16C146923E58}
		{24D534EE-D162-43F5-8986-50BC2282A914} = {3B7124AB-FA4C-4142-A1F7-16C146923E58}
		{CFE0D1E8-7C25-49D6-921C-355CDC98D93E} = {01BEA7BF-0E6E-4EF9-AC00-622AA39A8A04}
		{2C55EF43-76A3-4A5E-B960-C92081245F73} = {3B7124AB-FA4C-4142-A1F7-16C146923E58}
		{01BEA7BF-0E6E-4EF9-AC00-622AA39A8A04} = {3B7124AB-FA4C-4142-A1F7-16C146923E58}
		{4E65326D-D4E4-425A-87D6-AAE340BC9C5E} = {01BEA7BF-0E6E-4EF9-AC00-622AA39A8A04}
		{0C8E4A74-2574-45EF-833E-2DD6AE50A930} = {9374F46E-83EB-4051-961D-6E215BF94BD8}
		{35D4939F-C582-4AA8-933D-61F5E288CDE4} = {0C8E4A74-2574-45EF-833E-2DD6AE50A930}
		{B0A84765-BF51-49CA-B48D-D0C9F18CA0F8} = {0C8E4A74-2574-45EF-833E-2DD6AE50A930}
		{2DC28693-E967-44E5-8B1F-CFB37475CBB8} = {0C8E4A74-2574-45EF-833E-2DD6AE50A930}
		{EA1D5C6B-B06A-4355-84C2-6A784A86F2C8} = {2DC28693-E967-44E5-8B1F-CFB37475CBB8}
		{A5EB10F3-EB25-458B-BE86-0D7229EC4E16} = {2DC28693-E967-44E5-8B1F-CFB37475CBB8}
		{EF7CCA5D-EFE4-45D7-A3C5-772A4DF8E4E3} = {0C8E4A74-2574-45EF-833E-2DD6AE50A930}
		{F6DC3F39-AE67-4BBB-A882-00072D169806} = {2DC28693-E967-44E5-8B1F-CFB37475CBB8}
		{0D60F813-9D9F-4315-8647-FF7A73BAEC94} = {9374F46E-83EB-4051-961D-6E215BF94BD8}
		{59967238-C0D7-4897-9575-21090D431305} = {0D60F813-9D9F-4315-8647-FF7A73BAEC94}
		{981677C8-C74A-4B5A-A0B1-0C6C929A3683} = {311CE01C-7DA8-44FB-8316-FF018B089EAF}
		{67BFCE20-40E2-4B86-BAF8-85A7002C010D} = {981677C8-C74A-4B5A-A0B1-0C6C929A3683}
		{06B4E3C7-951A-49EB-A378-02B42FA27B0A} = {67BFCE20-40E2-4B86-BAF8-85A7002C010D}
		{9EE7FD36-4DDA-488A-B293-99F91516F0F4} = {67BFCE20-40E2-4B86-BAF8-85A7002C010D}
		{50937C28-68B6-4127-9613-374DDCE3B860} = {247CDAED-738C-457A-8A0C-2B80EC084214}
		{A468E9D1-EE7C-4C21-9BDA-7716203C2997} = {9374F46E-83EB-4051-961D-6E215BF94BD8}
		{FD54C0C2-7881-448A-8A6D-D0ACB0663CAA} = {A468E9D1-EE7C-4C21-9BDA-7716203C2997}
	EndGlobalSection
EndGlobal
