
Microsoft Visual Studio Solution File, Format Version 12.00
# Visual Studio 15
VisualStudioVersion = 15.0.26430.13
MinimumVisualStudioVersion = 10.0.40219.1
Project("{2150E333-8FDC-42A3-9474-1A3956D46DE8}") = "AppFx", "AppFx", "{9374F46E-83EB-4051-961D-6E215BF94BD8}"
EndProject
Project("{2150E333-8FDC-42A3-9474-1A3956D46DE8}") = "Data", "Data", "{3B7124AB-FA4C-4142-A1F7-16C146923E58}"
EndProject
Project("{FAE04EC0-301F-11D3-BF4B-00C04F79EFBC}") = "FluiTec.AppFx.Data.Test", "FluiTec.AppFx.Data.Test\FluiTec.AppFx.Data.Test.csproj", "{7B05AE47-B26E-429E-811E-72F72868CE89}"
EndProject
Project("{FAE04EC0-301F-11D3-BF4B-00C04F79EFBC}") = "FluiTec.AppFx.Data", "FluiTec.AppFx.Data\FluiTec.AppFx.Data.csproj", "{33171AFE-E381-4CD8-9C82-03E3BDBC7777}"
EndProject
Global
	GlobalSection(SolutionConfigurationPlatforms) = preSolution
		Debug|Any CPU = Debug|Any CPU
		Release|Any CPU = Release|Any CPU
	EndGlobalSection
	GlobalSection(ProjectConfigurationPlatforms) = postSolution
		{7B05AE47-B26E-429E-811E-72F72868CE89}.Debug|Any CPU.ActiveCfg = Debug|Any CPU
		{7B05AE47-B26E-429E-811E-72F72868CE89}.Debug|Any CPU.Build.0 = Debug|Any CPU
		{7B05AE47-B26E-429E-811E-72F72868CE89}.Release|Any CPU.ActiveCfg = Release|Any CPU
		{7B05AE47-B26E-429E-811E-72F72868CE89}.Release|Any CPU.Build.0 = Release|Any CPU
		{33171AFE-E381-4CD8-9C82-03E3BDBC7777}.Debug|Any CPU.ActiveCfg = Debug|Any CPU
		{33171AFE-E381-4CD8-9C82-03E3BDBC7777}.Debug|Any CPU.Build.0 = Debug|Any CPU
		{33171AFE-E381-4CD8-9C82-03E3BDBC7777}.Release|Any CPU.ActiveCfg = Release|Any CPU
		{33171AFE-E381-4CD8-9C82-03E3BDBC7777}.Release|Any CPU.Build.0 = Release|Any CPU
	EndGlobalSection
	GlobalSection(SolutionProperties) = preSolution
		HideSolutionNode = FALSE
	EndGlobalSection
	GlobalSection(NestedProjects) = preSolution
		{3B7124AB-FA4C-4142-A1F7-16C146923E58} = {9374F46E-83EB-4051-961D-6E215BF94BD8}
		{7B05AE47-B26E-429E-811E-72F72868CE89} = {3B7124AB-FA4C-4142-A1F7-16C146923E58}
		{33171AFE-E381-4CD8-9C82-03E3BDBC7777} = {3B7124AB-FA4C-4142-A1F7-16C146923E58}
	EndGlobalSection
EndGlobal
